
Microsoft Visual Studio Solution File, Format Version 12.00
Project("{2150E333-8FDC-42A3-9474-1A3956D46DE8}") = "src", "src", "{15E08323-4C2B-4FBD-A8F5-2464CDAF914A}"
EndProject
Project("{2150E333-8FDC-42A3-9474-1A3956D46DE8}") = "Core", "Core", "{E968082E-17D3-4841-A3EF-CCDFFE03FF2B}"
EndProject
Project("{FAE04EC0-301F-11D3-BF4B-00C04F79EFBC}") = "LoanManagementSystem.Entities", "src\LoanManagementSystem.Entities\LoanManagementSystem.Entities.csproj", "{3C8514E4-B723-4E30-8A4A-5BD5226E463D}"
EndProject
Project("{FAE04EC0-301F-11D3-BF4B-00C04F79EFBC}") = "LoanManagementSystem.Services", "src\LoanManagementSystem.Services\LoanManagementSystem.Services.csproj", "{685DA889-8CB1-466B-B664-198D69054535}"
EndProject
Project("{2150E333-8FDC-42A3-9474-1A3956D46DE8}") = "test", "test", "{152E57D0-FBDA-4FEE-8099-52DE8ABC0B57}"
EndProject
Project("{FAE04EC0-301F-11D3-BF4B-00C04F79EFBC}") = "LoanManagementSystem.Services.Tests.Unit", "test\LoanManagementSystem.Services.Tests.Unit\LoanManagementSystem.Services.Tests.Unit.csproj", "{90D47DF3-90AF-4A53-98CF-3491021BD39A}"
EndProject
Project("{FAE04EC0-301F-11D3-BF4B-00C04F79EFBC}") = "LoanManagementSystem.TestTools", "test\LoanManagementSystem.TestTools\LoanManagementSystem.TestTools.csproj", "{265A688A-ED5E-4A12-AB20-0052A5E92A2B}"
EndProject
Project("{FAE04EC0-301F-11D3-BF4B-00C04F79EFBC}") = "LoanManagementSystem.Application", "src\LoanManagementSystem.Application\LoanManagementSystem.Application.csproj", "{B669E472-E64A-443B-ADA9-610A02F8452C}"
EndProject
Project("{2150E333-8FDC-42A3-9474-1A3956D46DE8}") = "Infrastructure", "Infrastructure", "{5C14CC26-FADD-489C-A85F-8A7428DACE29}"
EndProject
Project("{FAE04EC0-301F-11D3-BF4B-00C04F79EFBC}") = "LoanManagementSystem.Infrastructure", "src\LoanManagementSystem.Infrastructure\LoanManagementSystem.Infrastructure.csproj", "{782AD394-915D-4255-A2C9-F4FD4787C325}"
EndProject
Project("{FAE04EC0-301F-11D3-BF4B-00C04F79EFBC}") = "LoanManagementSystem.Migration", "src\LoanManagementSystem.Migration\LoanManagementSystem.Migration.csproj", "{4D5FDD30-B769-4628-B3E2-1F2D69382049}"
EndProject
Project("{FAE04EC0-301F-11D3-BF4B-00C04F79EFBC}") = "LoanManagementSystem.Persistence.Ef", "src\LoanManagementSystem.Persistence.Ef\LoanManagementSystem.Persistence.Ef.csproj", "{F4A12A1A-DC9B-40A3-8193-EF8771D653BF}"
EndProject
Project("{FAE04EC0-301F-11D3-BF4B-00C04F79EFBC}") = "LoanManagementSystem.Application.Tests.Integration", "test\LoanManagementSystem.Application.Tests.Integration\LoanManagementSystem.Application.Tests.Integration.csproj", "{943CA537-1142-43C0-99BF-1CADF3F0BD80}"
EndProject
Global
	GlobalSection(SolutionConfigurationPlatforms) = preSolution
		Debug|Any CPU = Debug|Any CPU
		Release|Any CPU = Release|Any CPU
	EndGlobalSection
	GlobalSection(NestedProjects) = preSolution
		{E968082E-17D3-4841-A3EF-CCDFFE03FF2B} = {15E08323-4C2B-4FBD-A8F5-2464CDAF914A}
		{3C8514E4-B723-4E30-8A4A-5BD5226E463D} = {E968082E-17D3-4841-A3EF-CCDFFE03FF2B}
		{685DA889-8CB1-466B-B664-198D69054535} = {E968082E-17D3-4841-A3EF-CCDFFE03FF2B}
		{90D47DF3-90AF-4A53-98CF-3491021BD39A} = {152E57D0-FBDA-4FEE-8099-52DE8ABC0B57}
		{265A688A-ED5E-4A12-AB20-0052A5E92A2B} = {152E57D0-FBDA-4FEE-8099-52DE8ABC0B57}
		{B669E472-E64A-443B-ADA9-610A02F8452C} = {E968082E-17D3-4841-A3EF-CCDFFE03FF2B}
		{5C14CC26-FADD-489C-A85F-8A7428DACE29} = {15E08323-4C2B-4FBD-A8F5-2464CDAF914A}
		{782AD394-915D-4255-A2C9-F4FD4787C325} = {5C14CC26-FADD-489C-A85F-8A7428DACE29}
		{4D5FDD30-B769-4628-B3E2-1F2D69382049} = {5C14CC26-FADD-489C-A85F-8A7428DACE29}
		{F4A12A1A-DC9B-40A3-8193-EF8771D653BF} = {5C14CC26-FADD-489C-A85F-8A7428DACE29}
		{943CA537-1142-43C0-99BF-1CADF3F0BD80} = {152E57D0-FBDA-4FEE-8099-52DE8ABC0B57}
	EndGlobalSection
	GlobalSection(ProjectConfigurationPlatforms) = postSolution
		{3C8514E4-B723-4E30-8A4A-5BD5226E463D}.Debug|Any CPU.ActiveCfg = Debug|Any CPU
		{3C8514E4-B723-4E30-8A4A-5BD5226E463D}.Debug|Any CPU.Build.0 = Debug|Any CPU
		{3C8514E4-B723-4E30-8A4A-5BD5226E463D}.Release|Any CPU.ActiveCfg = Release|Any CPU
		{3C8514E4-B723-4E30-8A4A-5BD5226E463D}.Release|Any CPU.Build.0 = Release|Any CPU
		{685DA889-8CB1-466B-B664-198D69054535}.Debug|Any CPU.ActiveCfg = Debug|Any CPU
		{685DA889-8CB1-466B-B664-198D69054535}.Debug|Any CPU.Build.0 = Debug|Any CPU
		{685DA889-8CB1-466B-B664-198D69054535}.Release|Any CPU.ActiveCfg = Release|Any CPU
		{685DA889-8CB1-466B-B664-198D69054535}.Release|Any CPU.Build.0 = Release|Any CPU
		{90D47DF3-90AF-4A53-98CF-3491021BD39A}.Debug|Any CPU.ActiveCfg = Debug|Any CPU
		{90D47DF3-90AF-4A53-98CF-3491021BD39A}.Debug|Any CPU.Build.0 = Debug|Any CPU
		{90D47DF3-90AF-4A53-98CF-3491021BD39A}.Release|Any CPU.ActiveCfg = Release|Any CPU
		{90D47DF3-90AF-4A53-98CF-3491021BD39A}.Release|Any CPU.Build.0 = Release|Any CPU
		{265A688A-ED5E-4A12-AB20-0052A5E92A2B}.Debug|Any CPU.ActiveCfg = Debug|Any CPU
		{265A688A-ED5E-4A12-AB20-0052A5E92A2B}.Debug|Any CPU.Build.0 = Debug|Any CPU
		{265A688A-ED5E-4A12-AB20-0052A5E92A2B}.Release|Any CPU.ActiveCfg = Release|Any CPU
		{265A688A-ED5E-4A12-AB20-0052A5E92A2B}.Release|Any CPU.Build.0 = Release|Any CPU
		{B669E472-E64A-443B-ADA9-610A02F8452C}.Debug|Any CPU.ActiveCfg = Debug|Any CPU
		{B669E472-E64A-443B-ADA9-610A02F8452C}.Debug|Any CPU.Build.0 = Debug|Any CPU
		{B669E472-E64A-443B-ADA9-610A02F8452C}.Release|Any CPU.ActiveCfg = Release|Any CPU
		{B669E472-E64A-443B-ADA9-610A02F8452C}.Release|Any CPU.Build.0 = Release|Any CPU
		{782AD394-915D-4255-A2C9-F4FD4787C325}.Debug|Any CPU.ActiveCfg = Debug|Any CPU
		{782AD394-915D-4255-A2C9-F4FD4787C325}.Debug|Any CPU.Build.0 = Debug|Any CPU
		{782AD394-915D-4255-A2C9-F4FD4787C325}.Release|Any CPU.ActiveCfg = Release|Any CPU
		{782AD394-915D-4255-A2C9-F4FD4787C325}.Release|Any CPU.Build.0 = Release|Any CPU
		{4D5FDD30-B769-4628-B3E2-1F2D69382049}.Debug|Any CPU.ActiveCfg = Debug|Any CPU
		{4D5FDD30-B769-4628-B3E2-1F2D69382049}.Debug|Any CPU.Build.0 = Debug|Any CPU
		{4D5FDD30-B769-4628-B3E2-1F2D69382049}.Release|Any CPU.ActiveCfg = Release|Any CPU
		{4D5FDD30-B769-4628-B3E2-1F2D69382049}.Release|Any CPU.Build.0 = Release|Any CPU
		{F4A12A1A-DC9B-40A3-8193-EF8771D653BF}.Debug|Any CPU.ActiveCfg = Debug|Any CPU
		{F4A12A1A-DC9B-40A3-8193-EF8771D653BF}.Debug|Any CPU.Build.0 = Debug|Any CPU
		{F4A12A1A-DC9B-40A3-8193-EF8771D653BF}.Release|Any CPU.ActiveCfg = Release|Any CPU
		{F4A12A1A-DC9B-40A3-8193-EF8771D653BF}.Release|Any CPU.Build.0 = Release|Any CPU
		{943CA537-1142-43C0-99BF-1CADF3F0BD80}.Debug|Any CPU.ActiveCfg = Debug|Any CPU
		{943CA537-1142-43C0-99BF-1CADF3F0BD80}.Debug|Any CPU.Build.0 = Debug|Any CPU
		{943CA537-1142-43C0-99BF-1CADF3F0BD80}.Release|Any CPU.ActiveCfg = Release|Any CPU
		{943CA537-1142-43C0-99BF-1CADF3F0BD80}.Release|Any CPU.Build.0 = Release|Any CPU
	EndGlobalSection
EndGlobal
